
Microsoft Visual Studio Solution File, Format Version 12.00
# Visual Studio Version 17
VisualStudioVersion = 17.10.34916.146
MinimumVisualStudioVersion = 10.0.40219.1
Project("{FAE04EC0-301F-11D3-BF4B-00C04F79EFBC}") = "PluginFramework_VectoDigital", "PluginFramework_VectoDigital\PluginFramework_VectoDigital.csproj", "{732EAEDD-153F-4B76-8139-6887D5C5AC93}"
EndProject
Global
	GlobalSection(SolutionConfigurationPlatforms) = preSolution
		Debug|Any CPU = Debug|Any CPU
		Release|Any CPU = Release|Any CPU
	EndGlobalSection
	GlobalSection(ProjectConfigurationPlatforms) = postSolution
		{732EAEDD-153F-4B76-8139-6887D5C5AC93}.Debug|Any CPU.ActiveCfg = Debug|Any CPU
		{732EAEDD-153F-4B76-8139-6887D5C5AC93}.Debug|Any CPU.Build.0 = Debug|Any CPU
		{732EAEDD-153F-4B76-8139-6887D5C5AC93}.Release|Any CPU.ActiveCfg = Release|Any CPU
		{732EAEDD-153F-4B76-8139-6887D5C5AC93}.Release|Any CPU.Build.0 = Release|Any CPU
	EndGlobalSection
	GlobalSection(SolutionProperties) = preSolution
		HideSolutionNode = FALSE
	EndGlobalSection
	GlobalSection(ExtensibilityGlobals) = postSolution
		SolutionGuid = {B1065EC9-E6C3-4DBB-B736-BFDD751C0DC7}
	EndGlobalSection
EndGlobal
